// !$*UTF8*$!
{
	archiveVersion = 1;
	classes = {
	};
	objectVersion = 77;
	objects = {

/* Begin PBXBuildFile section */
		4F92122B2D49C56E007030FB /* FirebaseAnalytics in Frameworks */ = {isa = PBXBuildFile; productRef = 4F92122A2D49C56E007030FB /* FirebaseAnalytics */; };
		4F92122D2D49C56E007030FB /* FirebaseAuth in Frameworks */ = {isa = PBXBuildFile; productRef = 4F92122C2D49C56E007030FB /* FirebaseAuth */; };
		4F92122F2D49C56E007030FB /* FirebaseCore in Frameworks */ = {isa = PBXBuildFile; productRef = 4F92122E2D49C56E007030FB /* FirebaseCore */; };
		4F9212312D49C56E007030FB /* FirebaseCrashlytics in Frameworks */ = {isa = PBXBuildFile; productRef = 4F9212302D49C56E007030FB /* FirebaseCrashlytics */; };
		4F9212332D49C56E007030FB /* FirebaseFirestore in Frameworks */ = {isa = PBXBuildFile; productRef = 4F9212322D49C56E007030FB /* FirebaseFirestore */; };
		4F9212352D49C56E007030FB /* FirebaseStorage in Frameworks */ = {isa = PBXBuildFile; productRef = 4F9212342D49C56E007030FB /* FirebaseStorage */; };
/* End PBXBuildFile section */

/* Begin PBXContainerItemProxy section */
		D876F5822D40B82900E3AC52 /* PBXContainerItemProxy */ = {
			isa = PBXContainerItemProxy;
			containerPortal = D876F5692D40B82800E3AC52 /* Project object */;
			proxyType = 1;
			remoteGlobalIDString = D876F5702D40B82800E3AC52;
			remoteInfo = munchies;
		};
		D876F58C2D40B82900E3AC52 /* PBXContainerItemProxy */ = {
			isa = PBXContainerItemProxy;
			containerPortal = D876F5692D40B82800E3AC52 /* Project object */;
			proxyType = 1;
			remoteGlobalIDString = D876F5702D40B82800E3AC52;
			remoteInfo = munchies;
		};
/* End PBXContainerItemProxy section */

/* Begin PBXFileReference section */
		D876F5712D40B82800E3AC52 /* munchies.app */ = {isa = PBXFileReference; explicitFileType = wrapper.application; includeInIndex = 0; path = munchies.app; sourceTree = BUILT_PRODUCTS_DIR; };
		D876F5812D40B82900E3AC52 /* munchiesTests.xctest */ = {isa = PBXFileReference; explicitFileType = wrapper.cfbundle; includeInIndex = 0; path = munchiesTests.xctest; sourceTree = BUILT_PRODUCTS_DIR; };
		D876F58B2D40B82900E3AC52 /* munchiesUITests.xctest */ = {isa = PBXFileReference; explicitFileType = wrapper.cfbundle; includeInIndex = 0; path = munchiesUITests.xctest; sourceTree = BUILT_PRODUCTS_DIR; };
/* End PBXFileReference section */

/* Begin PBXFileSystemSynchronizedBuildFileExceptionSet section */
		4F9212272D49C30F007030FB /* Exceptions for "munchies" folder in "munchiesTests" target */ = {
			isa = PBXFileSystemSynchronizedBuildFileExceptionSet;
			membershipExceptions = (
				"GoogleService-Info.plist",
			);
			target = D876F5802D40B82900E3AC52 /* munchiesTests */;
		};
		4F9212282D49C30F007030FB /* Exceptions for "munchies" folder in "munchiesUITests" target */ = {
			isa = PBXFileSystemSynchronizedBuildFileExceptionSet;
			membershipExceptions = (
				"GoogleService-Info.plist",
			);
			target = D876F58A2D40B82900E3AC52 /* munchiesUITests */;
		};
/* End PBXFileSystemSynchronizedBuildFileExceptionSet section */

/* Begin PBXFileSystemSynchronizedRootGroup section */
		D876F5732D40B82800E3AC52 /* munchies */ = {
			isa = PBXFileSystemSynchronizedRootGroup;
			exceptions = (
				4F9212272D49C30F007030FB /* Exceptions for "munchies" folder in "munchiesTests" target */,
				4F9212282D49C30F007030FB /* Exceptions for "munchies" folder in "munchiesUITests" target */,
			);
			path = munchies;
			sourceTree = "<group>";
		};
		D876F5842D40B82900E3AC52 /* munchiesTests */ = {
			isa = PBXFileSystemSynchronizedRootGroup;
			path = munchiesTests;
			sourceTree = "<group>";
		};
		D876F58E2D40B82900E3AC52 /* munchiesUITests */ = {
			isa = PBXFileSystemSynchronizedRootGroup;
			path = munchiesUITests;
			sourceTree = "<group>";
		};
/* End PBXFileSystemSynchronizedRootGroup section */

/* Begin PBXFrameworksBuildPhase section */
		D876F56E2D40B82800E3AC52 /* Frameworks */ = {
			isa = PBXFrameworksBuildPhase;
			buildActionMask = 2147483647;
			files = (
				4F92122B2D49C56E007030FB /* FirebaseAnalytics in Frameworks */,
				4F9212312D49C56E007030FB /* FirebaseCrashlytics in Frameworks */,
				4F92122F2D49C56E007030FB /* FirebaseCore in Frameworks */,
				4F9212332D49C56E007030FB /* FirebaseFirestore in Frameworks */,
				4F92122D2D49C56E007030FB /* FirebaseAuth in Frameworks */,
				4F9212352D49C56E007030FB /* FirebaseStorage in Frameworks */,
			);
			runOnlyForDeploymentPostprocessing = 0;
		};
		D876F57E2D40B82900E3AC52 /* Frameworks */ = {
			isa = PBXFrameworksBuildPhase;
			buildActionMask = 2147483647;
			files = (
			);
			runOnlyForDeploymentPostprocessing = 0;
		};
		D876F5882D40B82900E3AC52 /* Frameworks */ = {
			isa = PBXFrameworksBuildPhase;
			buildActionMask = 2147483647;
			files = (
			);
			runOnlyForDeploymentPostprocessing = 0;
		};
/* End PBXFrameworksBuildPhase section */

/* Begin PBXGroup section */
		D876F5682D40B82800E3AC52 = {
			isa = PBXGroup;
			children = (
				D876F5732D40B82800E3AC52 /* munchies */,
				D876F5842D40B82900E3AC52 /* munchiesTests */,
				D876F58E2D40B82900E3AC52 /* munchiesUITests */,
				D876F5722D40B82800E3AC52 /* Products */,
			);
			sourceTree = "<group>";
		};
		D876F5722D40B82800E3AC52 /* Products */ = {
			isa = PBXGroup;
			children = (
				D876F5712D40B82800E3AC52 /* munchies.app */,
				D876F5812D40B82900E3AC52 /* munchiesTests.xctest */,
				D876F58B2D40B82900E3AC52 /* munchiesUITests.xctest */,
			);
			name = Products;
			sourceTree = "<group>";
		};
/* End PBXGroup section */

/* Begin PBXNativeTarget section */
		D876F5702D40B82800E3AC52 /* munchies */ = {
			isa = PBXNativeTarget;
			buildConfigurationList = D876F5952D40B82900E3AC52 /* Build configuration list for PBXNativeTarget "munchies" */;
			buildPhases = (
				D876F56D2D40B82800E3AC52 /* Sources */,
				D876F56E2D40B82800E3AC52 /* Frameworks */,
				D876F56F2D40B82800E3AC52 /* Resources */,
			);
			buildRules = (
			);
			dependencies = (
			);
			fileSystemSynchronizedGroups = (
				D876F5732D40B82800E3AC52 /* munchies */,
			);
			name = munchies;
			packageProductDependencies = (
				4F92122A2D49C56E007030FB /* FirebaseAnalytics */,
				4F92122C2D49C56E007030FB /* FirebaseAuth */,
				4F92122E2D49C56E007030FB /* FirebaseCore */,
				4F9212302D49C56E007030FB /* FirebaseCrashlytics */,
				4F9212322D49C56E007030FB /* FirebaseFirestore */,
				4F9212342D49C56E007030FB /* FirebaseStorage */,
			);
			productName = munchies;
			productReference = D876F5712D40B82800E3AC52 /* munchies.app */;
			productType = "com.apple.product-type.application";
		};
		D876F5802D40B82900E3AC52 /* munchiesTests */ = {
			isa = PBXNativeTarget;
			buildConfigurationList = D876F5982D40B82900E3AC52 /* Build configuration list for PBXNativeTarget "munchiesTests" */;
			buildPhases = (
				D876F57D2D40B82900E3AC52 /* Sources */,
				D876F57E2D40B82900E3AC52 /* Frameworks */,
				D876F57F2D40B82900E3AC52 /* Resources */,
			);
			buildRules = (
			);
			dependencies = (
				D876F5832D40B82900E3AC52 /* PBXTargetDependency */,
			);
			fileSystemSynchronizedGroups = (
				D876F5842D40B82900E3AC52 /* munchiesTests */,
			);
			name = munchiesTests;
			packageProductDependencies = (
			);
			productName = munchiesTests;
			productReference = D876F5812D40B82900E3AC52 /* munchiesTests.xctest */;
			productType = "com.apple.product-type.bundle.unit-test";
		};
		D876F58A2D40B82900E3AC52 /* munchiesUITests */ = {
			isa = PBXNativeTarget;
			buildConfigurationList = D876F59B2D40B82900E3AC52 /* Build configuration list for PBXNativeTarget "munchiesUITests" */;
			buildPhases = (
				D876F5872D40B82900E3AC52 /* Sources */,
				D876F5882D40B82900E3AC52 /* Frameworks */,
				D876F5892D40B82900E3AC52 /* Resources */,
			);
			buildRules = (
			);
			dependencies = (
				D876F58D2D40B82900E3AC52 /* PBXTargetDependency */,
			);
			fileSystemSynchronizedGroups = (
				D876F58E2D40B82900E3AC52 /* munchiesUITests */,
			);
			name = munchiesUITests;
			packageProductDependencies = (
			);
			productName = munchiesUITests;
			productReference = D876F58B2D40B82900E3AC52 /* munchiesUITests.xctest */;
			productType = "com.apple.product-type.bundle.ui-testing";
		};
/* End PBXNativeTarget section */

/* Begin PBXProject section */
		D876F5692D40B82800E3AC52 /* Project object */ = {
			isa = PBXProject;
			attributes = {
				BuildIndependentTargetsInParallel = 1;
				LastSwiftUpdateCheck = 1620;
				LastUpgradeCheck = 1620;
				TargetAttributes = {
					D876F5702D40B82800E3AC52 = {
						CreatedOnToolsVersion = 16.2;
					};
					D876F5802D40B82900E3AC52 = {
						CreatedOnToolsVersion = 16.2;
						TestTargetID = D876F5702D40B82800E3AC52;
					};
					D876F58A2D40B82900E3AC52 = {
						CreatedOnToolsVersion = 16.2;
						TestTargetID = D876F5702D40B82800E3AC52;
					};
				};
			};
			buildConfigurationList = D876F56C2D40B82800E3AC52 /* Build configuration list for PBXProject "munchies" */;
			developmentRegion = en;
			hasScannedForEncodings = 0;
			knownRegions = (
				en,
				Base,
			);
			mainGroup = D876F5682D40B82800E3AC52;
			minimizedProjectReferenceProxies = 1;
			packageReferences = (
				4F9212292D49C56E007030FB /* XCRemoteSwiftPackageReference "firebase-ios-sdk" */,
			);
			preferredProjectObjectVersion = 77;
			productRefGroup = D876F5722D40B82800E3AC52 /* Products */;
			projectDirPath = "";
			projectRoot = "";
			targets = (
				D876F5702D40B82800E3AC52 /* munchies */,
				D876F5802D40B82900E3AC52 /* munchiesTests */,
				D876F58A2D40B82900E3AC52 /* munchiesUITests */,
			);
		};
/* End PBXProject section */

/* Begin PBXResourcesBuildPhase section */
		D876F56F2D40B82800E3AC52 /* Resources */ = {
			isa = PBXResourcesBuildPhase;
			buildActionMask = 2147483647;
			files = (
			);
			runOnlyForDeploymentPostprocessing = 0;
		};
		D876F57F2D40B82900E3AC52 /* Resources */ = {
			isa = PBXResourcesBuildPhase;
			buildActionMask = 2147483647;
			files = (
			);
			runOnlyForDeploymentPostprocessing = 0;
		};
		D876F5892D40B82900E3AC52 /* Resources */ = {
			isa = PBXResourcesBuildPhase;
			buildActionMask = 2147483647;
			files = (
			);
			runOnlyForDeploymentPostprocessing = 0;
		};
/* End PBXResourcesBuildPhase section */

/* Begin PBXSourcesBuildPhase section */
		D876F56D2D40B82800E3AC52 /* Sources */ = {
			isa = PBXSourcesBuildPhase;
			buildActionMask = 2147483647;
			files = (
			);
			runOnlyForDeploymentPostprocessing = 0;
		};
		D876F57D2D40B82900E3AC52 /* Sources */ = {
			isa = PBXSourcesBuildPhase;
			buildActionMask = 2147483647;
			files = (
			);
			runOnlyForDeploymentPostprocessing = 0;
		};
		D876F5872D40B82900E3AC52 /* Sources */ = {
			isa = PBXSourcesBuildPhase;
			buildActionMask = 2147483647;
			files = (
			);
			runOnlyForDeploymentPostprocessing = 0;
		};
/* End PBXSourcesBuildPhase section */

/* Begin PBXTargetDependency section */
		D876F5832D40B82900E3AC52 /* PBXTargetDependency */ = {
			isa = PBXTargetDependency;
			target = D876F5702D40B82800E3AC52 /* munchies */;
			targetProxy = D876F5822D40B82900E3AC52 /* PBXContainerItemProxy */;
		};
		D876F58D2D40B82900E3AC52 /* PBXTargetDependency */ = {
			isa = PBXTargetDependency;
			target = D876F5702D40B82800E3AC52 /* munchies */;
			targetProxy = D876F58C2D40B82900E3AC52 /* PBXContainerItemProxy */;
		};
/* End PBXTargetDependency section */

/* Begin XCBuildConfiguration section */
		D876F5932D40B82900E3AC52 /* Debug */ = {
			isa = XCBuildConfiguration;
			buildSettings = {
				ALWAYS_SEARCH_USER_PATHS = NO;
				ASSETCATALOG_COMPILER_GENERATE_SWIFT_ASSET_SYMBOL_EXTENSIONS = YES;
				CLANG_ANALYZER_NONNULL = YES;
				CLANG_ANALYZER_NUMBER_OBJECT_CONVERSION = YES_AGGRESSIVE;
				CLANG_CXX_LANGUAGE_STANDARD = "gnu++20";
				CLANG_ENABLE_MODULES = YES;
				CLANG_ENABLE_OBJC_ARC = YES;
				CLANG_ENABLE_OBJC_WEAK = YES;
				CLANG_WARN_BLOCK_CAPTURE_AUTORELEASING = YES;
				CLANG_WARN_BOOL_CONVERSION = YES;
				CLANG_WARN_COMMA = YES;
				CLANG_WARN_CONSTANT_CONVERSION = YES;
				CLANG_WARN_DEPRECATED_OBJC_IMPLEMENTATIONS = YES;
				CLANG_WARN_DIRECT_OBJC_ISA_USAGE = YES_ERROR;
				CLANG_WARN_DOCUMENTATION_COMMENTS = YES;
				CLANG_WARN_EMPTY_BODY = YES;
				CLANG_WARN_ENUM_CONVERSION = YES;
				CLANG_WARN_INFINITE_RECURSION = YES;
				CLANG_WARN_INT_CONVERSION = YES;
				CLANG_WARN_NON_LITERAL_NULL_CONVERSION = YES;
				CLANG_WARN_OBJC_IMPLICIT_RETAIN_SELF = YES;
				CLANG_WARN_OBJC_LITERAL_CONVERSION = YES;
				CLANG_WARN_OBJC_ROOT_CLASS = YES_ERROR;
				CLANG_WARN_QUOTED_INCLUDE_IN_FRAMEWORK_HEADER = YES;
				CLANG_WARN_RANGE_LOOP_ANALYSIS = YES;
				CLANG_WARN_STRICT_PROTOTYPES = YES;
				CLANG_WARN_SUSPICIOUS_MOVE = YES;
				CLANG_WARN_UNGUARDED_AVAILABILITY = YES_AGGRESSIVE;
				CLANG_WARN_UNREACHABLE_CODE = YES;
				CLANG_WARN__DUPLICATE_METHOD_MATCH = YES;
				COPY_PHASE_STRIP = NO;
				DEBUG_INFORMATION_FORMAT = dwarf;
				ENABLE_STRICT_OBJC_MSGSEND = YES;
				ENABLE_TESTABILITY = YES;
				ENABLE_USER_SCRIPT_SANDBOXING = YES;
				GCC_C_LANGUAGE_STANDARD = gnu17;
				GCC_DYNAMIC_NO_PIC = NO;
				GCC_NO_COMMON_BLOCKS = YES;
				GCC_OPTIMIZATION_LEVEL = 0;
				GCC_PREPROCESSOR_DEFINITIONS = (
					"DEBUG=1",
					"$(inherited)",
				);
				GCC_WARN_64_TO_32_BIT_CONVERSION = YES;
				GCC_WARN_ABOUT_RETURN_TYPE = YES_ERROR;
				GCC_WARN_UNDECLARED_SELECTOR = YES;
				GCC_WARN_UNINITIALIZED_AUTOS = YES_AGGRESSIVE;
				GCC_WARN_UNUSED_FUNCTION = YES;
				GCC_WARN_UNUSED_VARIABLE = YES;
				IPHONEOS_DEPLOYMENT_TARGET = 18.2;
				LOCALIZATION_PREFERS_STRING_CATALOGS = YES;
				MTL_ENABLE_DEBUG_INFO = INCLUDE_SOURCE;
				MTL_FAST_MATH = YES;
				ONLY_ACTIVE_ARCH = YES;
				SDKROOT = iphoneos;
				SWIFT_ACTIVE_COMPILATION_CONDITIONS = "DEBUG $(inherited)";
				SWIFT_OPTIMIZATION_LEVEL = "-Onone";
			};
			name = Debug;
		};
		D876F5942D40B82900E3AC52 /* Release */ = {
			isa = XCBuildConfiguration;
			buildSettings = {
				ALWAYS_SEARCH_USER_PATHS = NO;
				ASSETCATALOG_COMPILER_GENERATE_SWIFT_ASSET_SYMBOL_EXTENSIONS = YES;
				CLANG_ANALYZER_NONNULL = YES;
				CLANG_ANALYZER_NUMBER_OBJECT_CONVERSION = YES_AGGRESSIVE;
				CLANG_CXX_LANGUAGE_STANDARD = "gnu++20";
				CLANG_ENABLE_MODULES = YES;
				CLANG_ENABLE_OBJC_ARC = YES;
				CLANG_ENABLE_OBJC_WEAK = YES;
				CLANG_WARN_BLOCK_CAPTURE_AUTORELEASING = YES;
				CLANG_WARN_BOOL_CONVERSION = YES;
				CLANG_WARN_COMMA = YES;
				CLANG_WARN_CONSTANT_CONVERSION = YES;
				CLANG_WARN_DEPRECATED_OBJC_IMPLEMENTATIONS = YES;
				CLANG_WARN_DIRECT_OBJC_ISA_USAGE = YES_ERROR;
				CLANG_WARN_DOCUMENTATION_COMMENTS = YES;
				CLANG_WARN_EMPTY_BODY = YES;
				CLANG_WARN_ENUM_CONVERSION = YES;
				CLANG_WARN_INFINITE_RECURSION = YES;
				CLANG_WARN_INT_CONVERSION = YES;
				CLANG_WARN_NON_LITERAL_NULL_CONVERSION = YES;
				CLANG_WARN_OBJC_IMPLICIT_RETAIN_SELF = YES;
				CLANG_WARN_OBJC_LITERAL_CONVERSION = YES;
				CLANG_WARN_OBJC_ROOT_CLASS = YES_ERROR;
				CLANG_WARN_QUOTED_INCLUDE_IN_FRAMEWORK_HEADER = YES;
				CLANG_WARN_RANGE_LOOP_ANALYSIS = YES;
				CLANG_WARN_STRICT_PROTOTYPES = YES;
				CLANG_WARN_SUSPICIOUS_MOVE = YES;
				CLANG_WARN_UNGUARDED_AVAILABILITY = YES_AGGRESSIVE;
				CLANG_WARN_UNREACHABLE_CODE = YES;
				CLANG_WARN__DUPLICATE_METHOD_MATCH = YES;
				COPY_PHASE_STRIP = NO;
				DEBUG_INFORMATION_FORMAT = "dwarf-with-dsym";
				ENABLE_NS_ASSERTIONS = NO;
				ENABLE_STRICT_OBJC_MSGSEND = YES;
				ENABLE_USER_SCRIPT_SANDBOXING = YES;
				GCC_C_LANGUAGE_STANDARD = gnu17;
				GCC_NO_COMMON_BLOCKS = YES;
				GCC_WARN_64_TO_32_BIT_CONVERSION = YES;
				GCC_WARN_ABOUT_RETURN_TYPE = YES_ERROR;
				GCC_WARN_UNDECLARED_SELECTOR = YES;
				GCC_WARN_UNINITIALIZED_AUTOS = YES_AGGRESSIVE;
				GCC_WARN_UNUSED_FUNCTION = YES;
				GCC_WARN_UNUSED_VARIABLE = YES;
				IPHONEOS_DEPLOYMENT_TARGET = 18.2;
				LOCALIZATION_PREFERS_STRING_CATALOGS = YES;
				MTL_ENABLE_DEBUG_INFO = NO;
				MTL_FAST_MATH = YES;
				SDKROOT = iphoneos;
				SWIFT_COMPILATION_MODE = wholemodule;
				VALIDATE_PRODUCT = YES;
			};
			name = Release;
		};
		D876F5962D40B82900E3AC52 /* Debug */ = {
			isa = XCBuildConfiguration;
			buildSettings = {
				ASSETCATALOG_COMPILER_APPICON_NAME = AppIcon;
				ASSETCATALOG_COMPILER_GLOBAL_ACCENT_COLOR_NAME = AccentColor;
				CODE_SIGN_STYLE = Automatic;
				CURRENT_PROJECT_VERSION = 1;
				DEVELOPMENT_ASSET_PATHS = "\"munchies/Preview Content\"";
				ENABLE_PREVIEWS = YES;
				GENERATE_INFOPLIST_FILE = YES;
				INFOPLIST_KEY_UIApplicationSceneManifest_Generation = YES;
				INFOPLIST_KEY_UIApplicationSupportsIndirectInputEvents = YES;
				INFOPLIST_KEY_UILaunchScreen_Generation = YES;
				INFOPLIST_KEY_UISupportedInterfaceOrientations_iPad = "UIInterfaceOrientationPortrait UIInterfaceOrientationPortraitUpsideDown UIInterfaceOrientationLandscapeLeft UIInterfaceOrientationLandscapeRight";
				INFOPLIST_KEY_UISupportedInterfaceOrientations_iPhone = "UIInterfaceOrientationPortrait UIInterfaceOrientationLandscapeLeft UIInterfaceOrientationLandscapeRight";
				LD_RUNPATH_SEARCH_PATHS = (
					"$(inherited)",
					"@executable_path/Frameworks",
				);
				MARKETING_VERSION = 1.0;
				PRODUCT_BUNDLE_IDENTIFIER = mohammad.munchies;
				PRODUCT_NAME = "$(TARGET_NAME)";
				SWIFT_EMIT_LOC_STRINGS = YES;
				SWIFT_VERSION = 5.0;
				TARGETED_DEVICE_FAMILY = "1,2";
			};
			name = Debug;
		};
		D876F5972D40B82900E3AC52 /* Release */ = {
			isa = XCBuildConfiguration;
			buildSettings = {
				ASSETCATALOG_COMPILER_APPICON_NAME = AppIcon;
				ASSETCATALOG_COMPILER_GLOBAL_ACCENT_COLOR_NAME = AccentColor;
				CODE_SIGN_STYLE = Automatic;
				CURRENT_PROJECT_VERSION = 1;
				DEVELOPMENT_ASSET_PATHS = "\"munchies/Preview Content\"";
				ENABLE_PREVIEWS = YES;
				GENERATE_INFOPLIST_FILE = YES;
				INFOPLIST_KEY_UIApplicationSceneManifest_Generation = YES;
				INFOPLIST_KEY_UIApplicationSupportsIndirectInputEvents = YES;
				INFOPLIST_KEY_UILaunchScreen_Generation = YES;
				INFOPLIST_KEY_UISupportedInterfaceOrientations_iPad = "UIInterfaceOrientationPortrait UIInterfaceOrientationPortraitUpsideDown UIInterfaceOrientationLandscapeLeft UIInterfaceOrientationLandscapeRight";
				INFOPLIST_KEY_UISupportedInterfaceOrientations_iPhone = "UIInterfaceOrientationPortrait UIInterfaceOrientationLandscapeLeft UIInterfaceOrientationLandscapeRight";
				LD_RUNPATH_SEARCH_PATHS = (
					"$(inherited)",
					"@executable_path/Frameworks",
				);
				MARKETING_VERSION = 1.0;
				PRODUCT_BUNDLE_IDENTIFIER = mohammad.munchies;
				PRODUCT_NAME = "$(TARGET_NAME)";
				SWIFT_EMIT_LOC_STRINGS = YES;
				SWIFT_VERSION = 5.0;
				TARGETED_DEVICE_FAMILY = "1,2";
			};
			name = Release;
		};
		D876F5992D40B82900E3AC52 /* Debug */ = {
			isa = XCBuildConfiguration;
			buildSettings = {
				BUNDLE_LOADER = "$(TEST_HOST)";
				CODE_SIGN_STYLE = Automatic;
				CURRENT_PROJECT_VERSION = 1;
				GENERATE_INFOPLIST_FILE = YES;
				IPHONEOS_DEPLOYMENT_TARGET = 18.2;
				MARKETING_VERSION = 1.0;
				PRODUCT_BUNDLE_IDENTIFIER = mohammad.munchiesTests;
				PRODUCT_NAME = "$(TARGET_NAME)";
				SWIFT_EMIT_LOC_STRINGS = NO;
				SWIFT_VERSION = 5.0;
				TARGETED_DEVICE_FAMILY = "1,2";
				TEST_HOST = "$(BUILT_PRODUCTS_DIR)/munchies.app/$(BUNDLE_EXECUTABLE_FOLDER_PATH)/munchies";
			};
			name = Debug;
		};
		D876F59A2D40B82900E3AC52 /* Release */ = {
			isa = XCBuildConfiguration;
			buildSettings = {
				BUNDLE_LOADER = "$(TEST_HOST)";
				CODE_SIGN_STYLE = Automatic;
				CURRENT_PROJECT_VERSION = 1;
				GENERATE_INFOPLIST_FILE = YES;
				IPHONEOS_DEPLOYMENT_TARGET = 18.2;
				MARKETING_VERSION = 1.0;
				PRODUCT_BUNDLE_IDENTIFIER = mohammad.munchiesTests;
				PRODUCT_NAME = "$(TARGET_NAME)";
				SWIFT_EMIT_LOC_STRINGS = NO;
				SWIFT_VERSION = 5.0;
				TARGETED_DEVICE_FAMILY = "1,2";
				TEST_HOST = "$(BUILT_PRODUCTS_DIR)/munchies.app/$(BUNDLE_EXECUTABLE_FOLDER_PATH)/munchies";
			};
			name = Release;
		};
		D876F59C2D40B82900E3AC52 /* Debug */ = {
			isa = XCBuildConfiguration;
			buildSettings = {
				CODE_SIGN_STYLE = Automatic;
				CURRENT_PROJECT_VERSION = 1;
				GENERATE_INFOPLIST_FILE = YES;
				MARKETING_VERSION = 1.0;
				PRODUCT_BUNDLE_IDENTIFIER = mohammad.munchiesUITests;
				PRODUCT_NAME = "$(TARGET_NAME)";
				SWIFT_EMIT_LOC_STRINGS = NO;
				SWIFT_VERSION = 5.0;
				TARGETED_DEVICE_FAMILY = "1,2";
				TEST_TARGET_NAME = munchies;
			};
			name = Debug;
		};
		D876F59D2D40B82900E3AC52 /* Release */ = {
			isa = XCBuildConfiguration;
			buildSettings = {
				CODE_SIGN_STYLE = Automatic;
				CURRENT_PROJECT_VERSION = 1;
				GENERATE_INFOPLIST_FILE = YES;
				MARKETING_VERSION = 1.0;
				PRODUCT_BUNDLE_IDENTIFIER = mohammad.munchiesUITests;
				PRODUCT_NAME = "$(TARGET_NAME)";
				SWIFT_EMIT_LOC_STRINGS = NO;
				SWIFT_VERSION = 5.0;
				TARGETED_DEVICE_FAMILY = "1,2";
				TEST_TARGET_NAME = munchies;
			};
			name = Release;
		};
/* End XCBuildConfiguration section */

/* Begin XCConfigurationList section */
		D876F56C2D40B82800E3AC52 /* Build configuration list for PBXProject "munchies" */ = {
			isa = XCConfigurationList;
			buildConfigurations = (
				D876F5932D40B82900E3AC52 /* Debug */,
				D876F5942D40B82900E3AC52 /* Release */,
			);
			defaultConfigurationIsVisible = 0;
			defaultConfigurationName = Release;
		};
		D876F5952D40B82900E3AC52 /* Build configuration list for PBXNativeTarget "munchies" */ = {
			isa = XCConfigurationList;
			buildConfigurations = (
				D876F5962D40B82900E3AC52 /* Debug */,
				D876F5972D40B82900E3AC52 /* Release */,
			);
			defaultConfigurationIsVisible = 0;
			defaultConfigurationName = Release;
		};
		D876F5982D40B82900E3AC52 /* Build configuration list for PBXNativeTarget "munchiesTests" */ = {
			isa = XCConfigurationList;
			buildConfigurations = (
				D876F5992D40B82900E3AC52 /* Debug */,
				D876F59A2D40B82900E3AC52 /* Release */,
			);
			defaultConfigurationIsVisible = 0;
			defaultConfigurationName = Release;
		};
		D876F59B2D40B82900E3AC52 /* Build configuration list for PBXNativeTarget "munchiesUITests" */ = {
			isa = XCConfigurationList;
			buildConfigurations = (
				D876F59C2D40B82900E3AC52 /* Debug */,
				D876F59D2D40B82900E3AC52 /* Release */,
			);
			defaultConfigurationIsVisible = 0;
			defaultConfigurationName = Release;
		};
/* End XCConfigurationList section */

/* Begin XCRemoteSwiftPackageReference section */
		4F9212292D49C56E007030FB /* XCRemoteSwiftPackageReference "firebase-ios-sdk" */ = {
			isa = XCRemoteSwiftPackageReference;
			repositoryURL = "https://github.com/firebase/firebase-ios-sdk";
			requirement = {
				kind = upToNextMajorVersion;
				minimumVersion = 11.7.0;
			};
		};
/* End XCRemoteSwiftPackageReference section */

/* Begin XCSwiftPackageProductDependency section */
		4F92122A2D49C56E007030FB /* FirebaseAnalytics */ = {
			isa = XCSwiftPackageProductDependency;
			package = 4F9212292D49C56E007030FB /* XCRemoteSwiftPackageReference "firebase-ios-sdk" */;
			productName = FirebaseAnalytics;
		};
		4F92122C2D49C56E007030FB /* FirebaseAuth */ = {
			isa = XCSwiftPackageProductDependency;
			package = 4F9212292D49C56E007030FB /* XCRemoteSwiftPackageReference "firebase-ios-sdk" */;
			productName = FirebaseAuth;
		};
		4F92122E2D49C56E007030FB /* FirebaseCore */ = {
			isa = XCSwiftPackageProductDependency;
			package = 4F9212292D49C56E007030FB /* XCRemoteSwiftPackageReference "firebase-ios-sdk" */;
			productName = FirebaseCore;
		};
		4F9212302D49C56E007030FB /* FirebaseCrashlytics */ = {
			isa = XCSwiftPackageProductDependency;
			package = 4F9212292D49C56E007030FB /* XCRemoteSwiftPackageReference "firebase-ios-sdk" */;
			productName = FirebaseCrashlytics;
		};
		4F9212322D49C56E007030FB /* FirebaseFirestore */ = {
			isa = XCSwiftPackageProductDependency;
			package = 4F9212292D49C56E007030FB /* XCRemoteSwiftPackageReference "firebase-ios-sdk" */;
			productName = FirebaseFirestore;
		};
		4F9212342D49C56E007030FB /* FirebaseStorage */ = {
			isa = XCSwiftPackageProductDependency;
			package = 4F9212292D49C56E007030FB /* XCRemoteSwiftPackageReference "firebase-ios-sdk" */;
			productName = FirebaseStorage;
		};
/* End XCSwiftPackageProductDependency section */
	};
	rootObject = D876F5692D40B82800E3AC52 /* Project object */;
}
